// !$*UTF8*$!
{
	archiveVersion = 1;
	classes = {
	};
	objectVersion = 46;
	objects = {

/* Begin PBXBuildFile section */
		5C5761F995EE926380D19DDF /* Pods_BWOnlineEducationiOSInSwiftUITests.framework in Frameworks */ = {isa = PBXBuildFile; fileRef = E18DC3C6997CBD3C8AB8FE2E /* Pods_BWOnlineEducationiOSInSwiftUITests.framework */; };
		992901AF41C9CF7371017A76 /* Pods_BWOnlineEducationiOSInSwift.framework in Frameworks */ = {isa = PBXBuildFile; fileRef = 9676579902540821F317AB06 /* Pods_BWOnlineEducationiOSInSwift.framework */; };
		B4A16E791EF79E930013D961 /* AppDelegate.swift in Sources */ = {isa = PBXBuildFile; fileRef = B4A16E781EF79E930013D961 /* AppDelegate.swift */; };
		B4A16E7B1EF79E930013D961 /* ViewController.swift in Sources */ = {isa = PBXBuildFile; fileRef = B4A16E7A1EF79E930013D961 /* ViewController.swift */; };
		B4A16E7E1EF79E930013D961 /* Main.storyboard in Resources */ = {isa = PBXBuildFile; fileRef = B4A16E7C1EF79E930013D961 /* Main.storyboard */; };
		B4A16E801EF79E930013D961 /* Assets.xcassets in Resources */ = {isa = PBXBuildFile; fileRef = B4A16E7F1EF79E930013D961 /* Assets.xcassets */; };
		B4A16E831EF79E930013D961 /* LaunchScreen.storyboard in Resources */ = {isa = PBXBuildFile; fileRef = B4A16E811EF79E930013D961 /* LaunchScreen.storyboard */; };
		B4A16E8E1EF79E930013D961 /* BWOnlineEducationiOSInSwiftTests.swift in Sources */ = {isa = PBXBuildFile; fileRef = B4A16E8D1EF79E930013D961 /* BWOnlineEducationiOSInSwiftTests.swift */; };
		B4A16E991EF79E930013D961 /* BWOnlineEducationiOSInSwiftUITests.swift in Sources */ = {isa = PBXBuildFile; fileRef = B4A16E981EF79E930013D961 /* BWOnlineEducationiOSInSwiftUITests.swift */; };
		EE2B7B7D8E75522D69957EAA /* Pods_BWOnlineEducationiOSInSwiftTests.framework in Frameworks */ = {isa = PBXBuildFile; fileRef = 6EBB363551549C7F2E5AA4CA /* Pods_BWOnlineEducationiOSInSwiftTests.framework */; };
/* End PBXBuildFile section */

/* Begin PBXContainerItemProxy section */
		B4A16E8A1EF79E930013D961 /* PBXContainerItemProxy */ = {
			isa = PBXContainerItemProxy;
			containerPortal = B4A16E6D1EF79E930013D961 /* Project object */;
			proxyType = 1;
			remoteGlobalIDString = B4A16E741EF79E930013D961;
			remoteInfo = BWOnlineEducationiOSInSwift;
		};
		B4A16E951EF79E930013D961 /* PBXContainerItemProxy */ = {
			isa = PBXContainerItemProxy;
			containerPortal = B4A16E6D1EF79E930013D961 /* Project object */;
			proxyType = 1;
			remoteGlobalIDString = B4A16E741EF79E930013D961;
			remoteInfo = BWOnlineEducationiOSInSwift;
		};
/* End PBXContainerItemProxy section */

/* Begin PBXFileReference section */
		2D75D6BF95FF2AD5B26FD836 /* Pods-BWOnlineEducationiOSInSwiftTests.release.xcconfig */ = {isa = PBXFileReference; includeInIndex = 1; lastKnownFileType = text.xcconfig; name = "Pods-BWOnlineEducationiOSInSwiftTests.release.xcconfig"; path = "Pods/Target Support Files/Pods-BWOnlineEducationiOSInSwiftTests/Pods-BWOnlineEducationiOSInSwiftTests.release.xcconfig"; sourceTree = "<group>"; };
		6EBB363551549C7F2E5AA4CA /* Pods_BWOnlineEducationiOSInSwiftTests.framework */ = {isa = PBXFileReference; explicitFileType = wrapper.framework; includeInIndex = 0; path = Pods_BWOnlineEducationiOSInSwiftTests.framework; sourceTree = BUILT_PRODUCTS_DIR; };
		9676579902540821F317AB06 /* Pods_BWOnlineEducationiOSInSwift.framework */ = {isa = PBXFileReference; explicitFileType = wrapper.framework; includeInIndex = 0; path = Pods_BWOnlineEducationiOSInSwift.framework; sourceTree = BUILT_PRODUCTS_DIR; };
		9870C75A0D6C8B08662DE9C0 /* Pods-BWOnlineEducationiOSInSwift.debug.xcconfig */ = {isa = PBXFileReference; includeInIndex = 1; lastKnownFileType = text.xcconfig; name = "Pods-BWOnlineEducationiOSInSwift.debug.xcconfig"; path = "Pods/Target Support Files/Pods-BWOnlineEducationiOSInSwift/Pods-BWOnlineEducationiOSInSwift.debug.xcconfig"; sourceTree = "<group>"; };
		99E7EB20E6E79292F4C8881E /* Pods-BWOnlineEducationiOSInSwiftTests.debug.xcconfig */ = {isa = PBXFileReference; includeInIndex = 1; lastKnownFileType = text.xcconfig; name = "Pods-BWOnlineEducationiOSInSwiftTests.debug.xcconfig"; path = "Pods/Target Support Files/Pods-BWOnlineEducationiOSInSwiftTests/Pods-BWOnlineEducationiOSInSwiftTests.debug.xcconfig"; sourceTree = "<group>"; };
		AE56C54FDED4FBB1D5C918CE /* Pods-BWOnlineEducationiOSInSwift.release.xcconfig */ = {isa = PBXFileReference; includeInIndex = 1; lastKnownFileType = text.xcconfig; name = "Pods-BWOnlineEducationiOSInSwift.release.xcconfig"; path = "Pods/Target Support Files/Pods-BWOnlineEducationiOSInSwift/Pods-BWOnlineEducationiOSInSwift.release.xcconfig"; sourceTree = "<group>"; };
		B04D965C140CEBCADBFF3E61 /* Pods-BWOnlineEducationiOSInSwiftUITests.debug.xcconfig */ = {isa = PBXFileReference; includeInIndex = 1; lastKnownFileType = text.xcconfig; name = "Pods-BWOnlineEducationiOSInSwiftUITests.debug.xcconfig"; path = "Pods/Target Support Files/Pods-BWOnlineEducationiOSInSwiftUITests/Pods-BWOnlineEducationiOSInSwiftUITests.debug.xcconfig"; sourceTree = "<group>"; };
		B212482781EEB87EDE6F98E7 /* Pods-BWOnlineEducationiOSInSwiftUITests.release.xcconfig */ = {isa = PBXFileReference; includeInIndex = 1; lastKnownFileType = text.xcconfig; name = "Pods-BWOnlineEducationiOSInSwiftUITests.release.xcconfig"; path = "Pods/Target Support Files/Pods-BWOnlineEducationiOSInSwiftUITests/Pods-BWOnlineEducationiOSInSwiftUITests.release.xcconfig"; sourceTree = "<group>"; };
		B4A16E751EF79E930013D961 /* BWOnlineEducationiOSInSwift.app */ = {isa = PBXFileReference; explicitFileType = wrapper.application; includeInIndex = 0; path = BWOnlineEducationiOSInSwift.app; sourceTree = BUILT_PRODUCTS_DIR; };
		B4A16E781EF79E930013D961 /* AppDelegate.swift */ = {isa = PBXFileReference; lastKnownFileType = sourcecode.swift; path = AppDelegate.swift; sourceTree = "<group>"; };
		B4A16E7A1EF79E930013D961 /* ViewController.swift */ = {isa = PBXFileReference; lastKnownFileType = sourcecode.swift; path = ViewController.swift; sourceTree = "<group>"; };
		B4A16E7D1EF79E930013D961 /* Base */ = {isa = PBXFileReference; lastKnownFileType = file.storyboard; name = Base; path = Base.lproj/Main.storyboard; sourceTree = "<group>"; };
		B4A16E7F1EF79E930013D961 /* Assets.xcassets */ = {isa = PBXFileReference; lastKnownFileType = folder.assetcatalog; path = Assets.xcassets; sourceTree = "<group>"; };
		B4A16E821EF79E930013D961 /* Base */ = {isa = PBXFileReference; lastKnownFileType = file.storyboard; name = Base; path = Base.lproj/LaunchScreen.storyboard; sourceTree = "<group>"; };
		B4A16E841EF79E930013D961 /* Info.plist */ = {isa = PBXFileReference; lastKnownFileType = text.plist.xml; path = Info.plist; sourceTree = "<group>"; };
		B4A16E891EF79E930013D961 /* BWOnlineEducationiOSInSwiftTests.xctest */ = {isa = PBXFileReference; explicitFileType = wrapper.cfbundle; includeInIndex = 0; path = BWOnlineEducationiOSInSwiftTests.xctest; sourceTree = BUILT_PRODUCTS_DIR; };
		B4A16E8D1EF79E930013D961 /* BWOnlineEducationiOSInSwiftTests.swift */ = {isa = PBXFileReference; lastKnownFileType = sourcecode.swift; path = BWOnlineEducationiOSInSwiftTests.swift; sourceTree = "<group>"; };
		B4A16E8F1EF79E930013D961 /* Info.plist */ = {isa = PBXFileReference; lastKnownFileType = text.plist.xml; path = Info.plist; sourceTree = "<group>"; };
		B4A16E941EF79E930013D961 /* BWOnlineEducationiOSInSwiftUITests.xctest */ = {isa = PBXFileReference; explicitFileType = wrapper.cfbundle; includeInIndex = 0; path = BWOnlineEducationiOSInSwiftUITests.xctest; sourceTree = BUILT_PRODUCTS_DIR; };
		B4A16E981EF79E930013D961 /* BWOnlineEducationiOSInSwiftUITests.swift */ = {isa = PBXFileReference; lastKnownFileType = sourcecode.swift; path = BWOnlineEducationiOSInSwiftUITests.swift; sourceTree = "<group>"; };
		B4A16E9A1EF79E930013D961 /* Info.plist */ = {isa = PBXFileReference; lastKnownFileType = text.plist.xml; path = Info.plist; sourceTree = "<group>"; };
		E18DC3C6997CBD3C8AB8FE2E /* Pods_BWOnlineEducationiOSInSwiftUITests.framework */ = {isa = PBXFileReference; explicitFileType = wrapper.framework; includeInIndex = 0; path = Pods_BWOnlineEducationiOSInSwiftUITests.framework; sourceTree = BUILT_PRODUCTS_DIR; };
/* End PBXFileReference section */

/* Begin PBXFrameworksBuildPhase section */
		B4A16E721EF79E930013D961 /* Frameworks */ = {
			isa = PBXFrameworksBuildPhase;
			buildActionMask = 2147483647;
			files = (
				992901AF41C9CF7371017A76 /* Pods_BWOnlineEducationiOSInSwift.framework in Frameworks */,
			);
			runOnlyForDeploymentPostprocessing = 0;
		};
		B4A16E861EF79E930013D961 /* Frameworks */ = {
			isa = PBXFrameworksBuildPhase;
			buildActionMask = 2147483647;
			files = (
				EE2B7B7D8E75522D69957EAA /* Pods_BWOnlineEducationiOSInSwiftTests.framework in Frameworks */,
			);
			runOnlyForDeploymentPostprocessing = 0;
		};
		B4A16E911EF79E930013D961 /* Frameworks */ = {
			isa = PBXFrameworksBuildPhase;
			buildActionMask = 2147483647;
			files = (
				5C5761F995EE926380D19DDF /* Pods_BWOnlineEducationiOSInSwiftUITests.framework in Frameworks */,
			);
			runOnlyForDeploymentPostprocessing = 0;
		};
/* End PBXFrameworksBuildPhase section */

/* Begin PBXGroup section */
		AF3D3F94B3D969C1935DF83B /* Pods */ = {
			isa = PBXGroup;
			children = (
				9870C75A0D6C8B08662DE9C0 /* Pods-BWOnlineEducationiOSInSwift.debug.xcconfig */,
				AE56C54FDED4FBB1D5C918CE /* Pods-BWOnlineEducationiOSInSwift.release.xcconfig */,
				99E7EB20E6E79292F4C8881E /* Pods-BWOnlineEducationiOSInSwiftTests.debug.xcconfig */,
				2D75D6BF95FF2AD5B26FD836 /* Pods-BWOnlineEducationiOSInSwiftTests.release.xcconfig */,
				B04D965C140CEBCADBFF3E61 /* Pods-BWOnlineEducationiOSInSwiftUITests.debug.xcconfig */,
				B212482781EEB87EDE6F98E7 /* Pods-BWOnlineEducationiOSInSwiftUITests.release.xcconfig */,
			);
			name = Pods;
			sourceTree = "<group>";
		};
		B34E723FF67A8B31CE1D62A5 /* Frameworks */ = {
			isa = PBXGroup;
			children = (
				9676579902540821F317AB06 /* Pods_BWOnlineEducationiOSInSwift.framework */,
				6EBB363551549C7F2E5AA4CA /* Pods_BWOnlineEducationiOSInSwiftTests.framework */,
				E18DC3C6997CBD3C8AB8FE2E /* Pods_BWOnlineEducationiOSInSwiftUITests.framework */,
			);
			name = Frameworks;
			sourceTree = "<group>";
		};
		B4A16E6C1EF79E930013D961 = {
			isa = PBXGroup;
			children = (
				B4A16E771EF79E930013D961 /* BWOnlineEducationiOSInSwift */,
				B4A16E8C1EF79E930013D961 /* BWOnlineEducationiOSInSwiftTests */,
				B4A16E971EF79E930013D961 /* BWOnlineEducationiOSInSwiftUITests */,
				B4A16E761EF79E930013D961 /* Products */,
				AF3D3F94B3D969C1935DF83B /* Pods */,
				B34E723FF67A8B31CE1D62A5 /* Frameworks */,
			);
			sourceTree = "<group>";
		};
		B4A16E761EF79E930013D961 /* Products */ = {
			isa = PBXGroup;
			children = (
				B4A16E751EF79E930013D961 /* BWOnlineEducationiOSInSwift.app */,
				B4A16E891EF79E930013D961 /* BWOnlineEducationiOSInSwiftTests.xctest */,
				B4A16E941EF79E930013D961 /* BWOnlineEducationiOSInSwiftUITests.xctest */,
			);
			name = Products;
			sourceTree = "<group>";
		};
		B4A16E771EF79E930013D961 /* BWOnlineEducationiOSInSwift */ = {
			isa = PBXGroup;
			children = (
				B4A16E781EF79E930013D961 /* AppDelegate.swift */,
				B4A16E7A1EF79E930013D961 /* ViewController.swift */,
				B4A16E7C1EF79E930013D961 /* Main.storyboard */,
				B4A16E7F1EF79E930013D961 /* Assets.xcassets */,
				B4A16E811EF79E930013D961 /* LaunchScreen.storyboard */,
				B4A16E841EF79E930013D961 /* Info.plist */,
			);
			path = BWOnlineEducationiOSInSwift;
			sourceTree = "<group>";
		};
		B4A16E8C1EF79E930013D961 /* BWOnlineEducationiOSInSwiftTests */ = {
			isa = PBXGroup;
			children = (
				B4A16E8D1EF79E930013D961 /* BWOnlineEducationiOSInSwiftTests.swift */,
				B4A16E8F1EF79E930013D961 /* Info.plist */,
			);
			path = BWOnlineEducationiOSInSwiftTests;
			sourceTree = "<group>";
		};
		B4A16E971EF79E930013D961 /* BWOnlineEducationiOSInSwiftUITests */ = {
			isa = PBXGroup;
			children = (
				B4A16E981EF79E930013D961 /* BWOnlineEducationiOSInSwiftUITests.swift */,
				B4A16E9A1EF79E930013D961 /* Info.plist */,
			);
			path = BWOnlineEducationiOSInSwiftUITests;
			sourceTree = "<group>";
		};
/* End PBXGroup section */

/* Begin PBXNativeTarget section */
		B4A16E741EF79E930013D961 /* BWOnlineEducationiOSInSwift */ = {
			isa = PBXNativeTarget;
			buildConfigurationList = B4A16E9D1EF79E930013D961 /* Build configuration list for PBXNativeTarget "BWOnlineEducationiOSInSwift" */;
			buildPhases = (
				47277786E29A9918118CAFA5 /* [CP] Check Pods Manifest.lock */,
				B4A16E711EF79E930013D961 /* Sources */,
				B4A16E721EF79E930013D961 /* Frameworks */,
				B4A16E731EF79E930013D961 /* Resources */,
				4B67FB72D5288489F531D1DE /* [CP] Embed Pods Frameworks */,
				5B05F27981706927C1508C07 /* [CP] Copy Pods Resources */,
			);
			buildRules = (
			);
			dependencies = (
			);
			name = BWOnlineEducationiOSInSwift;
			productName = BWOnlineEducationiOSInSwift;
			productReference = B4A16E751EF79E930013D961 /* BWOnlineEducationiOSInSwift.app */;
			productType = "com.apple.product-type.application";
		};
		B4A16E881EF79E930013D961 /* BWOnlineEducationiOSInSwiftTests */ = {
			isa = PBXNativeTarget;
			buildConfigurationList = B4A16EA01EF79E930013D961 /* Build configuration list for PBXNativeTarget "BWOnlineEducationiOSInSwiftTests" */;
			buildPhases = (
				1BB2372C069A706755BFBB64 /* [CP] Check Pods Manifest.lock */,
				B4A16E851EF79E930013D961 /* Sources */,
				B4A16E861EF79E930013D961 /* Frameworks */,
				B4A16E871EF79E930013D961 /* Resources */,
				C6956B2B46151B041169B156 /* [CP] Embed Pods Frameworks */,
				46232A0E0BEF99EAAC442A56 /* [CP] Copy Pods Resources */,
			);
			buildRules = (
			);
			dependencies = (
				B4A16E8B1EF79E930013D961 /* PBXTargetDependency */,
			);
			name = BWOnlineEducationiOSInSwiftTests;
			productName = BWOnlineEducationiOSInSwiftTests;
			productReference = B4A16E891EF79E930013D961 /* BWOnlineEducationiOSInSwiftTests.xctest */;
			productType = "com.apple.product-type.bundle.unit-test";
		};
		B4A16E931EF79E930013D961 /* BWOnlineEducationiOSInSwiftUITests */ = {
			isa = PBXNativeTarget;
			buildConfigurationList = B4A16EA31EF79E930013D961 /* Build configuration list for PBXNativeTarget "BWOnlineEducationiOSInSwiftUITests" */;
			buildPhases = (
				A6C442F7133BC3B061F427AB /* [CP] Check Pods Manifest.lock */,
				B4A16E901EF79E930013D961 /* Sources */,
				B4A16E911EF79E930013D961 /* Frameworks */,
				B4A16E921EF79E930013D961 /* Resources */,
				DFA64D323C16864DD766BA26 /* [CP] Embed Pods Frameworks */,
				757D101F718EE61654935E4D /* [CP] Copy Pods Resources */,
			);
			buildRules = (
			);
			dependencies = (
				B4A16E961EF79E930013D961 /* PBXTargetDependency */,
			);
			name = BWOnlineEducationiOSInSwiftUITests;
			productName = BWOnlineEducationiOSInSwiftUITests;
			productReference = B4A16E941EF79E930013D961 /* BWOnlineEducationiOSInSwiftUITests.xctest */;
			productType = "com.apple.product-type.bundle.ui-testing";
		};
/* End PBXNativeTarget section */

/* Begin PBXProject section */
		B4A16E6D1EF79E930013D961 /* Project object */ = {
			isa = PBXProject;
			attributes = {
				LastSwiftUpdateCheck = 0820;
				LastUpgradeCheck = 0820;
				ORGANIZATIONNAME = BobWongStudio;
				TargetAttributes = {
					B4A16E741EF79E930013D961 = {
						CreatedOnToolsVersion = 8.2.1;
						DevelopmentTeam = V3E8GUFW32;
						ProvisioningStyle = Automatic;
					};
					B4A16E881EF79E930013D961 = {
						CreatedOnToolsVersion = 8.2.1;
						DevelopmentTeam = V3E8GUFW32;
						ProvisioningStyle = Automatic;
						TestTargetID = B4A16E741EF79E930013D961;
					};
					B4A16E931EF79E930013D961 = {
						CreatedOnToolsVersion = 8.2.1;
						DevelopmentTeam = V3E8GUFW32;
						ProvisioningStyle = Automatic;
						TestTargetID = B4A16E741EF79E930013D961;
					};
				};
			};
			buildConfigurationList = B4A16E701EF79E930013D961 /* Build configuration list for PBXProject "BWOnlineEducationiOSInSwift" */;
			compatibilityVersion = "Xcode 3.2";
			developmentRegion = English;
			hasScannedForEncodings = 0;
			knownRegions = (
				en,
				Base,
			);
			mainGroup = B4A16E6C1EF79E930013D961;
			productRefGroup = B4A16E761EF79E930013D961 /* Products */;
			projectDirPath = "";
			projectRoot = "";
			targets = (
				B4A16E741EF79E930013D961 /* BWOnlineEducationiOSInSwift */,
				B4A16E881EF79E930013D961 /* BWOnlineEducationiOSInSwiftTests */,
				B4A16E931EF79E930013D961 /* BWOnlineEducationiOSInSwiftUITests */,
			);
		};
/* End PBXProject section */

/* Begin PBXResourcesBuildPhase section */
		B4A16E731EF79E930013D961 /* Resources */ = {
			isa = PBXResourcesBuildPhase;
			buildActionMask = 2147483647;
			files = (
				B4A16E831EF79E930013D961 /* LaunchScreen.storyboard in Resources */,
				B4A16E801EF79E930013D961 /* Assets.xcassets in Resources */,
				B4A16E7E1EF79E930013D961 /* Main.storyboard in Resources */,
			);
			runOnlyForDeploymentPostprocessing = 0;
		};
		B4A16E871EF79E930013D961 /* Resources */ = {
			isa = PBXResourcesBuildPhase;
			buildActionMask = 2147483647;
			files = (
			);
			runOnlyForDeploymentPostprocessing = 0;
		};
		B4A16E921EF79E930013D961 /* Resources */ = {
			isa = PBXResourcesBuildPhase;
			buildActionMask = 2147483647;
			files = (
			);
			runOnlyForDeploymentPostprocessing = 0;
		};
/* End PBXResourcesBuildPhase section */

/* Begin PBXShellScriptBuildPhase section */
		1BB2372C069A706755BFBB64 /* [CP] Check Pods Manifest.lock */ = {
			isa = PBXShellScriptBuildPhase;
			buildActionMask = 2147483647;
			files = (
			);
			inputPaths = (
			);
			name = "[CP] Check Pods Manifest.lock";
			outputPaths = (
			);
			runOnlyForDeploymentPostprocessing = 0;
			shellPath = /bin/sh;
			shellScript = "diff \"${PODS_ROOT}/../Podfile.lock\" \"${PODS_ROOT}/Manifest.lock\" > /dev/null\nif [ $? != 0 ] ; then\n    # print error to STDERR\n    echo \"error: The sandbox is not in sync with the Podfile.lock. Run 'pod install' or update your CocoaPods installation.\" >&2\n    exit 1\nfi\n";
			showEnvVarsInLog = 0;
		};
		46232A0E0BEF99EAAC442A56 /* [CP] Copy Pods Resources */ = {
			isa = PBXShellScriptBuildPhase;
			buildActionMask = 2147483647;
			files = (
			);
			inputPaths = (
			);
			name = "[CP] Copy Pods Resources";
			outputPaths = (
			);
			runOnlyForDeploymentPostprocessing = 0;
			shellPath = /bin/sh;
			shellScript = "\"${SRCROOT}/Pods/Target Support Files/Pods-BWOnlineEducationiOSInSwiftTests/Pods-BWOnlineEducationiOSInSwiftTests-resources.sh\"\n";
			showEnvVarsInLog = 0;
		};
		47277786E29A9918118CAFA5 /* [CP] Check Pods Manifest.lock */ = {
			isa = PBXShellScriptBuildPhase;
			buildActionMask = 2147483647;
			files = (
			);
			inputPaths = (
			);
			name = "[CP] Check Pods Manifest.lock";
			outputPaths = (
			);
			runOnlyForDeploymentPostprocessing = 0;
			shellPath = /bin/sh;
			shellScript = "diff \"${PODS_ROOT}/../Podfile.lock\" \"${PODS_ROOT}/Manifest.lock\" > /dev/null\nif [ $? != 0 ] ; then\n    # print error to STDERR\n    echo \"error: The sandbox is not in sync with the Podfile.lock. Run 'pod install' or update your CocoaPods installation.\" >&2\n    exit 1\nfi\n";
			showEnvVarsInLog = 0;
		};
		4B67FB72D5288489F531D1DE /* [CP] Embed Pods Frameworks */ = {
			isa = PBXShellScriptBuildPhase;
			buildActionMask = 2147483647;
			files = (
			);
			inputPaths = (
			);
			name = "[CP] Embed Pods Frameworks";
			outputPaths = (
			);
			runOnlyForDeploymentPostprocessing = 0;
			shellPath = /bin/sh;
			shellScript = "\"${SRCROOT}/Pods/Target Support Files/Pods-BWOnlineEducationiOSInSwift/Pods-BWOnlineEducationiOSInSwift-frameworks.sh\"\n";
			showEnvVarsInLog = 0;
		};
		5B05F27981706927C1508C07 /* [CP] Copy Pods Resources */ = {
			isa = PBXShellScriptBuildPhase;
			buildActionMask = 2147483647;
			files = (
			);
			inputPaths = (
			);
			name = "[CP] Copy Pods Resources";
			outputPaths = (
			);
			runOnlyForDeploymentPostprocessing = 0;
			shellPath = /bin/sh;
			shellScript = "\"${SRCROOT}/Pods/Target Support Files/Pods-BWOnlineEducationiOSInSwift/Pods-BWOnlineEducationiOSInSwift-resources.sh\"\n";
			showEnvVarsInLog = 0;
		};
		757D101F718EE61654935E4D /* [CP] Copy Pods Resources */ = {
			isa = PBXShellScriptBuildPhase;
			buildActionMask = 2147483647;
			files = (
			);
			inputPaths = (
			);
			name = "[CP] Copy Pods Resources";
			outputPaths = (
			);
			runOnlyForDeploymentPostprocessing = 0;
			shellPath = /bin/sh;
			shellScript = "\"${SRCROOT}/Pods/Target Support Files/Pods-BWOnlineEducationiOSInSwiftUITests/Pods-BWOnlineEducationiOSInSwiftUITests-resources.sh\"\n";
			showEnvVarsInLog = 0;
		};
		A6C442F7133BC3B061F427AB /* [CP] Check Pods Manifest.lock */ = {
			isa = PBXShellScriptBuildPhase;
			buildActionMask = 2147483647;
			files = (
			);
			inputPaths = (
			);
			name = "[CP] Check Pods Manifest.lock";
			outputPaths = (
			);
			runOnlyForDeploymentPostprocessing = 0;
			shellPath = /bin/sh;
			shellScript = "diff \"${PODS_ROOT}/../Podfile.lock\" \"${PODS_ROOT}/Manifest.lock\" > /dev/null\nif [ $? != 0 ] ; then\n    # print error to STDERR\n    echo \"error: The sandbox is not in sync with the Podfile.lock. Run 'pod install' or update your CocoaPods installation.\" >&2\n    exit 1\nfi\n";
			showEnvVarsInLog = 0;
		};
		C6956B2B46151B041169B156 /* [CP] Embed Pods Frameworks */ = {
			isa = PBXShellScriptBuildPhase;
			buildActionMask = 2147483647;
			files = (
			);
			inputPaths = (
			);
			name = "[CP] Embed Pods Frameworks";
			outputPaths = (
			);
			runOnlyForDeploymentPostprocessing = 0;
			shellPath = /bin/sh;
			shellScript = "\"${SRCROOT}/Pods/Target Support Files/Pods-BWOnlineEducationiOSInSwiftTests/Pods-BWOnlineEducationiOSInSwiftTests-frameworks.sh\"\n";
			showEnvVarsInLog = 0;
		};
		DFA64D323C16864DD766BA26 /* [CP] Embed Pods Frameworks */ = {
			isa = PBXShellScriptBuildPhase;
			buildActionMask = 2147483647;
			files = (
			);
			inputPaths = (
			);
			name = "[CP] Embed Pods Frameworks";
			outputPaths = (
			);
			runOnlyForDeploymentPostprocessing = 0;
			shellPath = /bin/sh;
			shellScript = "\"${SRCROOT}/Pods/Target Support Files/Pods-BWOnlineEducationiOSInSwiftUITests/Pods-BWOnlineEducationiOSInSwiftUITests-frameworks.sh\"\n";
			showEnvVarsInLog = 0;
		};
/* End PBXShellScriptBuildPhase section */

/* Begin PBXSourcesBuildPhase section */
		B4A16E711EF79E930013D961 /* Sources */ = {
			isa = PBXSourcesBuildPhase;
			buildActionMask = 2147483647;
			files = (
				B4A16E7B1EF79E930013D961 /* ViewController.swift in Sources */,
				B4A16E791EF79E930013D961 /* AppDelegate.swift in Sources */,
			);
			runOnlyForDeploymentPostprocessing = 0;
		};
		B4A16E851EF79E930013D961 /* Sources */ = {
			isa = PBXSourcesBuildPhase;
			buildActionMask = 2147483647;
			files = (
				B4A16E8E1EF79E930013D961 /* BWOnlineEducationiOSInSwiftTests.swift in Sources */,
			);
			runOnlyForDeploymentPostprocessing = 0;
		};
		B4A16E901EF79E930013D961 /* Sources */ = {
			isa = PBXSourcesBuildPhase;
			buildActionMask = 2147483647;
			files = (
				B4A16E991EF79E930013D961 /* BWOnlineEducationiOSInSwiftUITests.swift in Sources */,
			);
			runOnlyForDeploymentPostprocessing = 0;
		};
/* End PBXSourcesBuildPhase section */

/* Begin PBXTargetDependency section */
		B4A16E8B1EF79E930013D961 /* PBXTargetDependency */ = {
			isa = PBXTargetDependency;
			target = B4A16E741EF79E930013D961 /* BWOnlineEducationiOSInSwift */;
			targetProxy = B4A16E8A1EF79E930013D961 /* PBXContainerItemProxy */;
		};
		B4A16E961EF79E930013D961 /* PBXTargetDependency */ = {
			isa = PBXTargetDependency;
			target = B4A16E741EF79E930013D961 /* BWOnlineEducationiOSInSwift */;
			targetProxy = B4A16E951EF79E930013D961 /* PBXContainerItemProxy */;
		};
/* End PBXTargetDependency section */

/* Begin PBXVariantGroup section */
		B4A16E7C1EF79E930013D961 /* Main.storyboard */ = {
			isa = PBXVariantGroup;
			children = (
				B4A16E7D1EF79E930013D961 /* Base */,
			);
			name = Main.storyboard;
			sourceTree = "<group>";
		};
		B4A16E811EF79E930013D961 /* LaunchScreen.storyboard */ = {
			isa = PBXVariantGroup;
			children = (
				B4A16E821EF79E930013D961 /* Base */,
			);
			name = LaunchScreen.storyboard;
			sourceTree = "<group>";
		};
/* End PBXVariantGroup section */

/* Begin XCBuildConfiguration section */
		B4A16E9B1EF79E930013D961 /* Debug */ = {
			isa = XCBuildConfiguration;
			buildSettings = {
				ALWAYS_SEARCH_USER_PATHS = NO;
				CLANG_ANALYZER_NONNULL = YES;
				CLANG_CXX_LANGUAGE_STANDARD = "gnu++0x";
				CLANG_CXX_LIBRARY = "libc++";
				CLANG_ENABLE_MODULES = YES;
				CLANG_ENABLE_OBJC_ARC = YES;
				CLANG_WARN_BOOL_CONVERSION = YES;
				CLANG_WARN_CONSTANT_CONVERSION = YES;
				CLANG_WARN_DIRECT_OBJC_ISA_USAGE = YES_ERROR;
				CLANG_WARN_DOCUMENTATION_COMMENTS = YES;
				CLANG_WARN_EMPTY_BODY = YES;
				CLANG_WARN_ENUM_CONVERSION = YES;
				CLANG_WARN_INFINITE_RECURSION = YES;
				CLANG_WARN_INT_CONVERSION = YES;
				CLANG_WARN_OBJC_ROOT_CLASS = YES_ERROR;
				CLANG_WARN_SUSPICIOUS_MOVE = YES;
				CLANG_WARN_UNREACHABLE_CODE = YES;
				CLANG_WARN__DUPLICATE_METHOD_MATCH = YES;
				"CODE_SIGN_IDENTITY[sdk=iphoneos*]" = "iPhone Developer";
				COPY_PHASE_STRIP = NO;
				DEBUG_INFORMATION_FORMAT = dwarf;
				ENABLE_STRICT_OBJC_MSGSEND = YES;
				ENABLE_TESTABILITY = YES;
				GCC_C_LANGUAGE_STANDARD = gnu99;
				GCC_DYNAMIC_NO_PIC = NO;
				GCC_NO_COMMON_BLOCKS = YES;
				GCC_OPTIMIZATION_LEVEL = 0;
				GCC_PREPROCESSOR_DEFINITIONS = (
					"DEBUG=1",
					"$(inherited)",
				);
				GCC_WARN_64_TO_32_BIT_CONVERSION = YES;
				GCC_WARN_ABOUT_RETURN_TYPE = YES_ERROR;
				GCC_WARN_UNDECLARED_SELECTOR = YES;
				GCC_WARN_UNINITIALIZED_AUTOS = YES_AGGRESSIVE;
				GCC_WARN_UNUSED_FUNCTION = YES;
				GCC_WARN_UNUSED_VARIABLE = YES;
				IPHONEOS_DEPLOYMENT_TARGET = 10.2;
				MTL_ENABLE_DEBUG_INFO = YES;
				ONLY_ACTIVE_ARCH = YES;
				SDKROOT = iphoneos;
				SWIFT_ACTIVE_COMPILATION_CONDITIONS = DEBUG;
				SWIFT_OPTIMIZATION_LEVEL = "-Onone";
			};
			name = Debug;
		};
		B4A16E9C1EF79E930013D961 /* Release */ = {
			isa = XCBuildConfiguration;
			buildSettings = {
				ALWAYS_SEARCH_USER_PATHS = NO;
				CLANG_ANALYZER_NONNULL = YES;
				CLANG_CXX_LANGUAGE_STANDARD = "gnu++0x";
				CLANG_CXX_LIBRARY = "libc++";
				CLANG_ENABLE_MODULES = YES;
				CLANG_ENABLE_OBJC_ARC = YES;
				CLANG_WARN_BOOL_CONVERSION = YES;
				CLANG_WARN_CONSTANT_CONVERSION = YES;
				CLANG_WARN_DIRECT_OBJC_ISA_USAGE = YES_ERROR;
				CLANG_WARN_DOCUMENTATION_COMMENTS = YES;
				CLANG_WARN_EMPTY_BODY = YES;
				CLANG_WARN_ENUM_CONVERSION = YES;
				CLANG_WARN_INFINITE_RECURSION = YES;
				CLANG_WARN_INT_CONVERSION = YES;
				CLANG_WARN_OBJC_ROOT_CLASS = YES_ERROR;
				CLANG_WARN_SUSPICIOUS_MOVE = YES;
				CLANG_WARN_UNREACHABLE_CODE = YES;
				CLANG_WARN__DUPLICATE_METHOD_MATCH = YES;
				"CODE_SIGN_IDENTITY[sdk=iphoneos*]" = "iPhone Developer";
				COPY_PHASE_STRIP = NO;
				DEBUG_INFORMATION_FORMAT = "dwarf-with-dsym";
				ENABLE_NS_ASSERTIONS = NO;
				ENABLE_STRICT_OBJC_MSGSEND = YES;
				GCC_C_LANGUAGE_STANDARD = gnu99;
				GCC_NO_COMMON_BLOCKS = YES;
				GCC_WARN_64_TO_32_BIT_CONVERSION = YES;
				GCC_WARN_ABOUT_RETURN_TYPE = YES_ERROR;
				GCC_WARN_UNDECLARED_SELECTOR = YES;
				GCC_WARN_UNINITIALIZED_AUTOS = YES_AGGRESSIVE;
				GCC_WARN_UNUSED_FUNCTION = YES;
				GCC_WARN_UNUSED_VARIABLE = YES;
				IPHONEOS_DEPLOYMENT_TARGET = 10.2;
				MTL_ENABLE_DEBUG_INFO = NO;
				SDKROOT = iphoneos;
				SWIFT_OPTIMIZATION_LEVEL = "-Owholemodule";
				VALIDATE_PRODUCT = YES;
			};
			name = Release;
		};
		B4A16E9E1EF79E930013D961 /* Debug */ = {
			isa = XCBuildConfiguration;
			baseConfigurationReference = 9870C75A0D6C8B08662DE9C0 /* Pods-BWOnlineEducationiOSInSwift.debug.xcconfig */;
			buildSettings = {
				ASSETCATALOG_COMPILER_APPICON_NAME = AppIcon;
				DEVELOPMENT_TEAM = V3E8GUFW32;
				INFOPLIST_FILE = BWOnlineEducationiOSInSwift/Info.plist;
				IPHONEOS_DEPLOYMENT_TARGET = 8.0;
				LD_RUNPATH_SEARCH_PATHS = "$(inherited) @executable_path/Frameworks";
				PRODUCT_BUNDLE_IDENTIFIER = com.bws.BWOnlineEducationiOSInSwift;
				PRODUCT_NAME = "$(TARGET_NAME)";
				SWIFT_VERSION = 3.0;
			};
			name = Debug;
		};
		B4A16E9F1EF79E930013D961 /* Release */ = {
			isa = XCBuildConfiguration;
			baseConfigurationReference = AE56C54FDED4FBB1D5C918CE /* Pods-BWOnlineEducationiOSInSwift.release.xcconfig */;
			buildSettings = {
				ASSETCATALOG_COMPILER_APPICON_NAME = AppIcon;
				DEVELOPMENT_TEAM = V3E8GUFW32;
				INFOPLIST_FILE = BWOnlineEducationiOSInSwift/Info.plist;
				IPHONEOS_DEPLOYMENT_TARGET = 8.0;
				LD_RUNPATH_SEARCH_PATHS = "$(inherited) @executable_path/Frameworks";
				PRODUCT_BUNDLE_IDENTIFIER = com.bws.BWOnlineEducationiOSInSwift;
				PRODUCT_NAME = "$(TARGET_NAME)";
				SWIFT_VERSION = 3.0;
			};
			name = Release;
		};
		B4A16EA11EF79E930013D961 /* Debug */ = {
			isa = XCBuildConfiguration;
			baseConfigurationReference = 99E7EB20E6E79292F4C8881E /* Pods-BWOnlineEducationiOSInSwiftTests.debug.xcconfig */;
			buildSettings = {
				ALWAYS_EMBED_SWIFT_STANDARD_LIBRARIES = YES;
				BUNDLE_LOADER = "$(TEST_HOST)";
				DEVELOPMENT_TEAM = V3E8GUFW32;
				INFOPLIST_FILE = BWOnlineEducationiOSInSwiftTests/Info.plist;
				LD_RUNPATH_SEARCH_PATHS = "$(inherited) @executable_path/Frameworks @loader_path/Frameworks";
				PRODUCT_BUNDLE_IDENTIFIER = com.bws.BWOnlineEducationiOSInSwiftTests;
				PRODUCT_NAME = "$(TARGET_NAME)";
				SWIFT_VERSION = 3.0;
				TEST_HOST = "$(BUILT_PRODUCTS_DIR)/BWOnlineEducationiOSInSwift.app/BWOnlineEducationiOSInSwift";
			};
			name = Debug;
		};
		B4A16EA21EF79E930013D961 /* Release */ = {
			isa = XCBuildConfiguration;
			baseConfigurationReference = 2D75D6BF95FF2AD5B26FD836 /* Pods-BWOnlineEducationiOSInSwiftTests.release.xcconfig */;
			buildSettings = {
				ALWAYS_EMBED_SWIFT_STANDARD_LIBRARIES = YES;
				BUNDLE_LOADER = "$(TEST_HOST)";
				DEVELOPMENT_TEAM = V3E8GUFW32;
				INFOPLIST_FILE = BWOnlineEducationiOSInSwiftTests/Info.plist;
				LD_RUNPATH_SEARCH_PATHS = "$(inherited) @executable_path/Frameworks @loader_path/Frameworks";
				PRODUCT_BUNDLE_IDENTIFIER = com.bws.BWOnlineEducationiOSInSwiftTests;
				PRODUCT_NAME = "$(TARGET_NAME)";
				SWIFT_VERSION = 3.0;
				TEST_HOST = "$(BUILT_PRODUCTS_DIR)/BWOnlineEducationiOSInSwift.app/BWOnlineEducationiOSInSwift";
			};
			name = Release;
		};
		B4A16EA41EF79E930013D961 /* Debug */ = {
			isa = XCBuildConfiguration;
			baseConfigurationReference = B04D965C140CEBCADBFF3E61 /* Pods-BWOnlineEducationiOSInSwiftUITests.debug.xcconfig */;
			buildSettings = {
				ALWAYS_EMBED_SWIFT_STANDARD_LIBRARIES = YES;
				DEVELOPMENT_TEAM = V3E8GUFW32;
				INFOPLIST_FILE = BWOnlineEducationiOSInSwiftUITests/Info.plist;
				LD_RUNPATH_SEARCH_PATHS = "$(inherited) @executable_path/Frameworks @loader_path/Frameworks";
				PRODUCT_BUNDLE_IDENTIFIER = com.bws.BWOnlineEducationiOSInSwiftUITests;
				PRODUCT_NAME = "$(TARGET_NAME)";
				SWIFT_VERSION = 3.0;
				TEST_TARGET_NAME = BWOnlineEducationiOSInSwift;
			};
			name = Debug;
		};
		B4A16EA51EF79E930013D961 /* Release */ = {
			isa = XCBuildConfiguration;
			baseConfigurationReference = B212482781EEB87EDE6F98E7 /* Pods-BWOnlineEducationiOSInSwiftUITests.release.xcconfig */;
			buildSettings = {
				ALWAYS_EMBED_SWIFT_STANDARD_LIBRARIES = YES;
				DEVELOPMENT_TEAM = V3E8GUFW32;
				INFOPLIST_FILE = BWOnlineEducationiOSInSwiftUITests/Info.plist;
				LD_RUNPATH_SEARCH_PATHS = "$(inherited) @executable_path/Frameworks @loader_path/Frameworks";
				PRODUCT_BUNDLE_IDENTIFIER = com.bws.BWOnlineEducationiOSInSwiftUITests;
				PRODUCT_NAME = "$(TARGET_NAME)";
				SWIFT_VERSION = 3.0;
				TEST_TARGET_NAME = BWOnlineEducationiOSInSwift;
			};
			name = Release;
		};
/* End XCBuildConfiguration section */

/* Begin XCConfigurationList section */
		B4A16E701EF79E930013D961 /* Build configuration list for PBXProject "BWOnlineEducationiOSInSwift" */ = {
			isa = XCConfigurationList;
			buildConfigurations = (
				B4A16E9B1EF79E930013D961 /* Debug */,
				B4A16E9C1EF79E930013D961 /* Release */,
			);
			defaultConfigurationIsVisible = 0;
			defaultConfigurationName = Release;
		};
		B4A16E9D1EF79E930013D961 /* Build configuration list for PBXNativeTarget "BWOnlineEducationiOSInSwift" */ = {
			isa = XCConfigurationList;
			buildConfigurations = (
				B4A16E9E1EF79E930013D961 /* Debug */,
				B4A16E9F1EF79E930013D961 /* Release */,
			);
			defaultConfigurationIsVisible = 0;
		};
		B4A16EA01EF79E930013D961 /* Build configuration list for PBXNativeTarget "BWOnlineEducationiOSInSwiftTests" */ = {
			isa = XCConfigurationList;
			buildConfigurations = (
				B4A16EA11EF79E930013D961 /* Debug */,
				B4A16EA21EF79E930013D961 /* Release */,
			);
			defaultConfigurationIsVisible = 0;
		};
		B4A16EA31EF79E930013D961 /* Build configuration list for PBXNativeTarget "BWOnlineEducationiOSInSwiftUITests" */ = {
			isa = XCConfigurationList;
			buildConfigurations = (
				B4A16EA41EF79E930013D961 /* Debug */,
				B4A16EA51EF79E930013D961 /* Release */,
			);
			defaultConfigurationIsVisible = 0;
		};
/* End XCConfigurationList section */
	};
	rootObject = B4A16E6D1EF79E930013D961 /* Project object */;
}
