// !$*UTF8*$!
{
	archiveVersion = 1;
	classes = {
	};
	objectVersion = 46;
	objects = {

/* Begin PBXBuildFile section */
		B49D85621F0CDF0700725B76 /* main.m in Sources */ = {isa = PBXBuildFile; fileRef = B49D85611F0CDF0700725B76 /* main.m */; };
		B49D85651F0CDF0700725B76 /* AppDelegate.m in Sources */ = {isa = PBXBuildFile; fileRef = B49D85641F0CDF0700725B76 /* AppDelegate.m */; };
		B49D856D1F0CDF0700725B76 /* Assets.xcassets in Resources */ = {isa = PBXBuildFile; fileRef = B49D856C1F0CDF0700725B76 /* Assets.xcassets */; };
		B49D85701F0CDF0700725B76 /* LaunchScreen.storyboard in Resources */ = {isa = PBXBuildFile; fileRef = B49D856E1F0CDF0700725B76 /* LaunchScreen.storyboard */; };
		B49D857B1F0CDF0700725B76 /* BWEducationTests.m in Sources */ = {isa = PBXBuildFile; fileRef = B49D857A1F0CDF0700725B76 /* BWEducationTests.m */; };
		B49D85861F0CDF0700725B76 /* BWEducationUITests.m in Sources */ = {isa = PBXBuildFile; fileRef = B49D85851F0CDF0700725B76 /* BWEducationUITests.m */; };
		B49D85FC1F0CDF7D00725B76 /* BWBaseViewController.m in Sources */ = {isa = PBXBuildFile; fileRef = B49D85D01F0CDF7D00725B76 /* BWBaseViewController.m */; };
		B49D85FD1F0CDF7D00725B76 /* BWCategoryViewController.m in Sources */ = {isa = PBXBuildFile; fileRef = B49D85D31F0CDF7D00725B76 /* BWCategoryViewController.m */; };
		B49D85FE1F0CDF7D00725B76 /* BWHomeViewController.m in Sources */ = {isa = PBXBuildFile; fileRef = B49D85D61F0CDF7D00725B76 /* BWHomeViewController.m */; };
		B49D85FF1F0CDF7D00725B76 /* BWMainTabBarController.m in Sources */ = {isa = PBXBuildFile; fileRef = B49D85D91F0CDF7D00725B76 /* BWMainTabBarController.m */; };
		B49D86001F0CDF7D00725B76 /* BWMeViewController.m in Sources */ = {isa = PBXBuildFile; fileRef = B49D85DC1F0CDF7D00725B76 /* BWMeViewController.m */; };
		B49D86011F0CDF7D00725B76 /* NSString+BWExtension.m in Sources */ = {isa = PBXBuildFile; fileRef = B49D85E01F0CDF7D00725B76 /* NSString+BWExtension.m */; };
		B49D86021F0CDF7D00725B76 /* BWString.m in Sources */ = {isa = PBXBuildFile; fileRef = B49D85E31F0CDF7D00725B76 /* BWString.m */; };
		B49D86031F0CDF7D00725B76 /* BWHudUtil.m in Sources */ = {isa = PBXBuildFile; fileRef = B49D85E61F0CDF7D00725B76 /* BWHudUtil.m */; };
		B49D86041F0CDF7D00725B76 /* BWUtility.m in Sources */ = {isa = PBXBuildFile; fileRef = B49D85E81F0CDF7D00725B76 /* BWUtility.m */; };
		B49D86051F0CDF7D00725B76 /* BWCustomView.m in Sources */ = {isa = PBXBuildFile; fileRef = B49D85EB1F0CDF7D00725B76 /* BWCustomView.m */; };
		B49D86061F0CDF7D00725B76 /* Document in Resources */ = {isa = PBXBuildFile; fileRef = B49D85ED1F0CDF7D00725B76 /* Document */; };
		B49D86071F0CDF7D00725B76 /* BWGlobal.m in Sources */ = {isa = PBXBuildFile; fileRef = B49D85F01F0CDF7D00725B76 /* BWGlobal.m */; };
		B49D86081F0CDF7D00725B76 /* Library in Resources */ = {isa = PBXBuildFile; fileRef = B49D85F41F0CDF7D00725B76 /* Library */; };
		B49D86091F0CDF7D00725B76 /* BWNetworkKit.m in Sources */ = {isa = PBXBuildFile; fileRef = B49D85F81F0CDF7D00725B76 /* BWNetworkKit.m */; };
		B49D860A1F0CDF7D00725B76 /* Image in Resources */ = {isa = PBXBuildFile; fileRef = B49D85FB1F0CDF7D00725B76 /* Image */; };
/* End PBXBuildFile section */

/* Begin PBXContainerItemProxy section */
		B49D85771F0CDF0700725B76 /* PBXContainerItemProxy */ = {
			isa = PBXContainerItemProxy;
			containerPortal = B49D85551F0CDF0700725B76 /* Project object */;
			proxyType = 1;
			remoteGlobalIDString = B49D855C1F0CDF0700725B76;
			remoteInfo = BWEducation;
		};
		B49D85821F0CDF0700725B76 /* PBXContainerItemProxy */ = {
			isa = PBXContainerItemProxy;
			containerPortal = B49D85551F0CDF0700725B76 /* Project object */;
			proxyType = 1;
			remoteGlobalIDString = B49D855C1F0CDF0700725B76;
			remoteInfo = BWEducation;
		};
/* End PBXContainerItemProxy section */

/* Begin PBXFileReference section */
		B49D855D1F0CDF0700725B76 /* BWEducation.app */ = {isa = PBXFileReference; explicitFileType = wrapper.application; includeInIndex = 0; path = BWEducation.app; sourceTree = BUILT_PRODUCTS_DIR; };
		B49D85611F0CDF0700725B76 /* main.m */ = {isa = PBXFileReference; lastKnownFileType = sourcecode.c.objc; path = main.m; sourceTree = "<group>"; };
		B49D85631F0CDF0700725B76 /* AppDelegate.h */ = {isa = PBXFileReference; lastKnownFileType = sourcecode.c.h; path = AppDelegate.h; sourceTree = "<group>"; };
		B49D85641F0CDF0700725B76 /* AppDelegate.m */ = {isa = PBXFileReference; lastKnownFileType = sourcecode.c.objc; path = AppDelegate.m; sourceTree = "<group>"; };
		B49D856C1F0CDF0700725B76 /* Assets.xcassets */ = {isa = PBXFileReference; lastKnownFileType = folder.assetcatalog; path = Assets.xcassets; sourceTree = "<group>"; };
		B49D856F1F0CDF0700725B76 /* Base */ = {isa = PBXFileReference; lastKnownFileType = file.storyboard; name = Base; path = Base.lproj/LaunchScreen.storyboard; sourceTree = "<group>"; };
		B49D85711F0CDF0700725B76 /* Info.plist */ = {isa = PBXFileReference; lastKnownFileType = text.plist.xml; path = Info.plist; sourceTree = "<group>"; };
		B49D85761F0CDF0700725B76 /* BWEducationTests.xctest */ = {isa = PBXFileReference; explicitFileType = wrapper.cfbundle; includeInIndex = 0; path = BWEducationTests.xctest; sourceTree = BUILT_PRODUCTS_DIR; };
		B49D857A1F0CDF0700725B76 /* BWEducationTests.m */ = {isa = PBXFileReference; lastKnownFileType = sourcecode.c.objc; path = BWEducationTests.m; sourceTree = "<group>"; };
		B49D857C1F0CDF0700725B76 /* Info.plist */ = {isa = PBXFileReference; lastKnownFileType = text.plist.xml; path = Info.plist; sourceTree = "<group>"; };
		B49D85811F0CDF0700725B76 /* BWEducationUITests.xctest */ = {isa = PBXFileReference; explicitFileType = wrapper.cfbundle; includeInIndex = 0; path = BWEducationUITests.xctest; sourceTree = BUILT_PRODUCTS_DIR; };
		B49D85851F0CDF0700725B76 /* BWEducationUITests.m */ = {isa = PBXFileReference; lastKnownFileType = sourcecode.c.objc; path = BWEducationUITests.m; sourceTree = "<group>"; };
		B49D85871F0CDF0700725B76 /* Info.plist */ = {isa = PBXFileReference; lastKnownFileType = text.plist.xml; path = Info.plist; sourceTree = "<group>"; };
		B49D85CF1F0CDF7D00725B76 /* BWBaseViewController.h */ = {isa = PBXFileReference; fileEncoding = 4; lastKnownFileType = sourcecode.c.h; path = BWBaseViewController.h; sourceTree = "<group>"; };
		B49D85D01F0CDF7D00725B76 /* BWBaseViewController.m */ = {isa = PBXFileReference; fileEncoding = 4; lastKnownFileType = sourcecode.c.objc; path = BWBaseViewController.m; sourceTree = "<group>"; };
		B49D85D21F0CDF7D00725B76 /* BWCategoryViewController.h */ = {isa = PBXFileReference; fileEncoding = 4; lastKnownFileType = sourcecode.c.h; path = BWCategoryViewController.h; sourceTree = "<group>"; };
		B49D85D31F0CDF7D00725B76 /* BWCategoryViewController.m */ = {isa = PBXFileReference; fileEncoding = 4; lastKnownFileType = sourcecode.c.objc; path = BWCategoryViewController.m; sourceTree = "<group>"; };
		B49D85D51F0CDF7D00725B76 /* BWHomeViewController.h */ = {isa = PBXFileReference; fileEncoding = 4; lastKnownFileType = sourcecode.c.h; path = BWHomeViewController.h; sourceTree = "<group>"; };
		B49D85D61F0CDF7D00725B76 /* BWHomeViewController.m */ = {isa = PBXFileReference; fileEncoding = 4; lastKnownFileType = sourcecode.c.objc; path = BWHomeViewController.m; sourceTree = "<group>"; };
		B49D85D81F0CDF7D00725B76 /* BWMainTabBarController.h */ = {isa = PBXFileReference; fileEncoding = 4; lastKnownFileType = sourcecode.c.h; path = BWMainTabBarController.h; sourceTree = "<group>"; };
		B49D85D91F0CDF7D00725B76 /* BWMainTabBarController.m */ = {isa = PBXFileReference; fileEncoding = 4; lastKnownFileType = sourcecode.c.objc; path = BWMainTabBarController.m; sourceTree = "<group>"; };
		B49D85DB1F0CDF7D00725B76 /* BWMeViewController.h */ = {isa = PBXFileReference; fileEncoding = 4; lastKnownFileType = sourcecode.c.h; path = BWMeViewController.h; sourceTree = "<group>"; };
		B49D85DC1F0CDF7D00725B76 /* BWMeViewController.m */ = {isa = PBXFileReference; fileEncoding = 4; lastKnownFileType = sourcecode.c.objc; path = BWMeViewController.m; sourceTree = "<group>"; };
		B49D85DF1F0CDF7D00725B76 /* NSString+BWExtension.h */ = {isa = PBXFileReference; fileEncoding = 4; lastKnownFileType = sourcecode.c.h; path = "NSString+BWExtension.h"; sourceTree = "<group>"; };
		B49D85E01F0CDF7D00725B76 /* NSString+BWExtension.m */ = {isa = PBXFileReference; fileEncoding = 4; lastKnownFileType = sourcecode.c.objc; path = "NSString+BWExtension.m"; sourceTree = "<group>"; };
		B49D85E21F0CDF7D00725B76 /* BWString.h */ = {isa = PBXFileReference; fileEncoding = 4; lastKnownFileType = sourcecode.c.h; path = BWString.h; sourceTree = "<group>"; };
		B49D85E31F0CDF7D00725B76 /* BWString.m */ = {isa = PBXFileReference; fileEncoding = 4; lastKnownFileType = sourcecode.c.objc; path = BWString.m; sourceTree = "<group>"; };
		B49D85E51F0CDF7D00725B76 /* BWHudUtil.h */ = {isa = PBXFileReference; fileEncoding = 4; lastKnownFileType = sourcecode.c.h; path = BWHudUtil.h; sourceTree = "<group>"; };
		B49D85E61F0CDF7D00725B76 /* BWHudUtil.m */ = {isa = PBXFileReference; fileEncoding = 4; lastKnownFileType = sourcecode.c.objc; path = BWHudUtil.m; sourceTree = "<group>"; };
		B49D85E71F0CDF7D00725B76 /* BWUtility.h */ = {isa = PBXFileReference; fileEncoding = 4; lastKnownFileType = sourcecode.c.h; path = BWUtility.h; sourceTree = "<group>"; };
		B49D85E81F0CDF7D00725B76 /* BWUtility.m */ = {isa = PBXFileReference; fileEncoding = 4; lastKnownFileType = sourcecode.c.objc; path = BWUtility.m; sourceTree = "<group>"; };
		B49D85EA1F0CDF7D00725B76 /* BWCustomView.h */ = {isa = PBXFileReference; fileEncoding = 4; lastKnownFileType = sourcecode.c.h; path = BWCustomView.h; sourceTree = "<group>"; };
		B49D85EB1F0CDF7D00725B76 /* BWCustomView.m */ = {isa = PBXFileReference; fileEncoding = 4; lastKnownFileType = sourcecode.c.objc; path = BWCustomView.m; sourceTree = "<group>"; };
		B49D85ED1F0CDF7D00725B76 /* Document */ = {isa = PBXFileReference; fileEncoding = 4; lastKnownFileType = text; path = Document; sourceTree = "<group>"; };
		B49D85EF1F0CDF7D00725B76 /* BWGlobal.h */ = {isa = PBXFileReference; fileEncoding = 4; lastKnownFileType = sourcecode.c.h; path = BWGlobal.h; sourceTree = "<group>"; };
		B49D85F01F0CDF7D00725B76 /* BWGlobal.m */ = {isa = PBXFileReference; fileEncoding = 4; lastKnownFileType = sourcecode.c.objc; path = BWGlobal.m; sourceTree = "<group>"; };
		B49D85F11F0CDF7D00725B76 /* BWGlobalConfigure.h */ = {isa = PBXFileReference; fileEncoding = 4; lastKnownFileType = sourcecode.c.h; path = BWGlobalConfigure.h; sourceTree = "<group>"; };
		B49D85F21F0CDF7D00725B76 /* BWMacroDefinition.h */ = {isa = PBXFileReference; fileEncoding = 4; lastKnownFileType = sourcecode.c.h; path = BWMacroDefinition.h; sourceTree = "<group>"; };
		B49D85F41F0CDF7D00725B76 /* Library */ = {isa = PBXFileReference; fileEncoding = 4; lastKnownFileType = text; path = Library; sourceTree = "<group>"; };
		B49D85F61F0CDF7D00725B76 /* BWNetworkConfigure.h */ = {isa = PBXFileReference; fileEncoding = 4; lastKnownFileType = sourcecode.c.h; path = BWNetworkConfigure.h; sourceTree = "<group>"; };
		B49D85F71F0CDF7D00725B76 /* BWNetworkKit.h */ = {isa = PBXFileReference; fileEncoding = 4; lastKnownFileType = sourcecode.c.h; path = BWNetworkKit.h; sourceTree = "<group>"; };
		B49D85F81F0CDF7D00725B76 /* BWNetworkKit.m */ = {isa = PBXFileReference; fileEncoding = 4; lastKnownFileType = sourcecode.c.objc; path = BWNetworkKit.m; sourceTree = "<group>"; };
		B49D85FB1F0CDF7D00725B76 /* Image */ = {isa = PBXFileReference; fileEncoding = 4; lastKnownFileType = text; path = Image; sourceTree = "<group>"; };
		B49D860B1F0CDFC900725B76 /* BWEducation.pch */ = {isa = PBXFileReference; lastKnownFileType = sourcecode.c.h; path = BWEducation.pch; sourceTree = "<group>"; };
/* End PBXFileReference section */

/* Begin PBXFrameworksBuildPhase section */
		B49D855A1F0CDF0700725B76 /* Frameworks */ = {
			isa = PBXFrameworksBuildPhase;
			buildActionMask = 2147483647;
			files = (
			);
			runOnlyForDeploymentPostprocessing = 0;
		};
		B49D85731F0CDF0700725B76 /* Frameworks */ = {
			isa = PBXFrameworksBuildPhase;
			buildActionMask = 2147483647;
			files = (
			);
			runOnlyForDeploymentPostprocessing = 0;
		};
		B49D857E1F0CDF0700725B76 /* Frameworks */ = {
			isa = PBXFrameworksBuildPhase;
			buildActionMask = 2147483647;
			files = (
			);
			runOnlyForDeploymentPostprocessing = 0;
		};
/* End PBXFrameworksBuildPhase section */

/* Begin PBXGroup section */
		B49D85541F0CDF0700725B76 = {
			isa = PBXGroup;
			children = (
				B49D855F1F0CDF0700725B76 /* BWEducation */,
				B49D85791F0CDF0700725B76 /* BWEducationTests */,
				B49D85841F0CDF0700725B76 /* BWEducationUITests */,
				B49D855E1F0CDF0700725B76 /* Products */,
			);
			sourceTree = "<group>";
		};
		B49D855E1F0CDF0700725B76 /* Products */ = {
			isa = PBXGroup;
			children = (
				B49D855D1F0CDF0700725B76 /* BWEducation.app */,
				B49D85761F0CDF0700725B76 /* BWEducationTests.xctest */,
				B49D85811F0CDF0700725B76 /* BWEducationUITests.xctest */,
			);
			name = Products;
			sourceTree = "<group>";
		};
		B49D855F1F0CDF0700725B76 /* BWEducation */ = {
			isa = PBXGroup;
			children = (
				B49D85631F0CDF0700725B76 /* AppDelegate.h */,
				B49D85641F0CDF0700725B76 /* AppDelegate.m */,
				B49D85CD1F0CDF7D00725B76 /* Business */,
				B49D85DD1F0CDF7D00725B76 /* Common */,
				B49D85EC1F0CDF7D00725B76 /* Document */,
				B49D85EE1F0CDF7D00725B76 /* Global */,
				B49D85F31F0CDF7D00725B76 /* Library */,
				B49D85F51F0CDF7D00725B76 /* Network */,
				B49D85F91F0CDF7D00725B76 /* Resource */,
				B49D856C1F0CDF0700725B76 /* Assets.xcassets */,
				B49D85601F0CDF0700725B76 /* Supporting Files */,
			);
			path = BWEducation;
			sourceTree = "<group>";
		};
		B49D85601F0CDF0700725B76 /* Supporting Files */ = {
			isa = PBXGroup;
			children = (
				B49D85611F0CDF0700725B76 /* main.m */,
				B49D856E1F0CDF0700725B76 /* LaunchScreen.storyboard */,
				B49D85711F0CDF0700725B76 /* Info.plist */,
				B49D860B1F0CDFC900725B76 /* BWEducation.pch */,
			);
			name = "Supporting Files";
			sourceTree = "<group>";
		};
		B49D85791F0CDF0700725B76 /* BWEducationTests */ = {
			isa = PBXGroup;
			children = (
				B49D857A1F0CDF0700725B76 /* BWEducationTests.m */,
				B49D857C1F0CDF0700725B76 /* Info.plist */,
			);
			path = BWEducationTests;
			sourceTree = "<group>";
		};
		B49D85841F0CDF0700725B76 /* BWEducationUITests */ = {
			isa = PBXGroup;
			children = (
				B49D85851F0CDF0700725B76 /* BWEducationUITests.m */,
				B49D85871F0CDF0700725B76 /* Info.plist */,
			);
			path = BWEducationUITests;
			sourceTree = "<group>";
		};
		B49D85CD1F0CDF7D00725B76 /* Business */ = {
			isa = PBXGroup;
			children = (
				B49D85CE1F0CDF7D00725B76 /* Base */,
				B49D85D11F0CDF7D00725B76 /* Category */,
				B49D85D41F0CDF7D00725B76 /* Home */,
				B49D85D71F0CDF7D00725B76 /* Main */,
				B49D85DA1F0CDF7D00725B76 /* Me */,
			);
			path = Business;
			sourceTree = "<group>";
		};
		B49D85CE1F0CDF7D00725B76 /* Base */ = {
			isa = PBXGroup;
			children = (
				B49D85CF1F0CDF7D00725B76 /* BWBaseViewController.h */,
				B49D85D01F0CDF7D00725B76 /* BWBaseViewController.m */,
			);
			path = Base;
			sourceTree = "<group>";
		};
		B49D85D11F0CDF7D00725B76 /* Category */ = {
			isa = PBXGroup;
			children = (
				B49D85D21F0CDF7D00725B76 /* BWCategoryViewController.h */,
				B49D85D31F0CDF7D00725B76 /* BWCategoryViewController.m */,
			);
			path = Category;
			sourceTree = "<group>";
		};
		B49D85D41F0CDF7D00725B76 /* Home */ = {
			isa = PBXGroup;
			children = (
				B49D85D51F0CDF7D00725B76 /* BWHomeViewController.h */,
				B49D85D61F0CDF7D00725B76 /* BWHomeViewController.m */,
			);
			path = Home;
			sourceTree = "<group>";
		};
		B49D85D71F0CDF7D00725B76 /* Main */ = {
			isa = PBXGroup;
			children = (
				B49D85D81F0CDF7D00725B76 /* BWMainTabBarController.h */,
				B49D85D91F0CDF7D00725B76 /* BWMainTabBarController.m */,
			);
			path = Main;
			sourceTree = "<group>";
		};
		B49D85DA1F0CDF7D00725B76 /* Me */ = {
			isa = PBXGroup;
			children = (
				B49D85DB1F0CDF7D00725B76 /* BWMeViewController.h */,
				B49D85DC1F0CDF7D00725B76 /* BWMeViewController.m */,
			);
			path = Me;
			sourceTree = "<group>";
		};
		B49D85DD1F0CDF7D00725B76 /* Common */ = {
			isa = PBXGroup;
			children = (
				B49D85DE1F0CDF7D00725B76 /* Category */,
				B49D85E11F0CDF7D00725B76 /* Class */,
				B49D85E41F0CDF7D00725B76 /* Utility */,
				B49D85E91F0CDF7D00725B76 /* View */,
			);
			path = Common;
			sourceTree = "<group>";
		};
		B49D85DE1F0CDF7D00725B76 /* Category */ = {
			isa = PBXGroup;
			children = (
				B49D85DF1F0CDF7D00725B76 /* NSString+BWExtension.h */,
				B49D85E01F0CDF7D00725B76 /* NSString+BWExtension.m */,
			);
			path = Category;
			sourceTree = "<group>";
		};
		B49D85E11F0CDF7D00725B76 /* Class */ = {
			isa = PBXGroup;
			children = (
				B49D85E21F0CDF7D00725B76 /* BWString.h */,
				B49D85E31F0CDF7D00725B76 /* BWString.m */,
			);
			path = Class;
			sourceTree = "<group>";
		};
		B49D85E41F0CDF7D00725B76 /* Utility */ = {
			isa = PBXGroup;
			children = (
				B49D85E51F0CDF7D00725B76 /* BWHudUtil.h */,
				B49D85E61F0CDF7D00725B76 /* BWHudUtil.m */,
				B49D85E71F0CDF7D00725B76 /* BWUtility.h */,
				B49D85E81F0CDF7D00725B76 /* BWUtility.m */,
			);
			path = Utility;
			sourceTree = "<group>";
		};
		B49D85E91F0CDF7D00725B76 /* View */ = {
			isa = PBXGroup;
			children = (
				B49D85EA1F0CDF7D00725B76 /* BWCustomView.h */,
				B49D85EB1F0CDF7D00725B76 /* BWCustomView.m */,
			);
			path = View;
			sourceTree = "<group>";
		};
		B49D85EC1F0CDF7D00725B76 /* Document */ = {
			isa = PBXGroup;
			children = (
				B49D85ED1F0CDF7D00725B76 /* Document */,
			);
			path = Document;
			sourceTree = "<group>";
		};
		B49D85EE1F0CDF7D00725B76 /* Global */ = {
			isa = PBXGroup;
			children = (
				B49D85EF1F0CDF7D00725B76 /* BWGlobal.h */,
				B49D85F01F0CDF7D00725B76 /* BWGlobal.m */,
				B49D85F11F0CDF7D00725B76 /* BWGlobalConfigure.h */,
				B49D85F21F0CDF7D00725B76 /* BWMacroDefinition.h */,
			);
			path = Global;
			sourceTree = "<group>";
		};
		B49D85F31F0CDF7D00725B76 /* Library */ = {
			isa = PBXGroup;
			children = (
				B49D85F41F0CDF7D00725B76 /* Library */,
			);
			path = Library;
			sourceTree = "<group>";
		};
		B49D85F51F0CDF7D00725B76 /* Network */ = {
			isa = PBXGroup;
			children = (
				B49D85F61F0CDF7D00725B76 /* BWNetworkConfigure.h */,
				B49D85F71F0CDF7D00725B76 /* BWNetworkKit.h */,
				B49D85F81F0CDF7D00725B76 /* BWNetworkKit.m */,
			);
			path = Network;
			sourceTree = "<group>";
		};
		B49D85F91F0CDF7D00725B76 /* Resource */ = {
			isa = PBXGroup;
			children = (
				B49D85FA1F0CDF7D00725B76 /* Image */,
			);
			path = Resource;
			sourceTree = "<group>";
		};
		B49D85FA1F0CDF7D00725B76 /* Image */ = {
			isa = PBXGroup;
			children = (
				B49D85FB1F0CDF7D00725B76 /* Image */,
			);
			path = Image;
			sourceTree = "<group>";
		};
/* End PBXGroup section */

/* Begin PBXNativeTarget section */
		B49D855C1F0CDF0700725B76 /* BWEducation */ = {
			isa = PBXNativeTarget;
			buildConfigurationList = B49D858A1F0CDF0700725B76 /* Build configuration list for PBXNativeTarget "BWEducation" */;
			buildPhases = (
				B49D85591F0CDF0700725B76 /* Sources */,
				B49D855A1F0CDF0700725B76 /* Frameworks */,
				B49D855B1F0CDF0700725B76 /* Resources */,
			);
			buildRules = (
			);
			dependencies = (
			);
			name = BWEducation;
			productName = BWEducation;
			productReference = B49D855D1F0CDF0700725B76 /* BWEducation.app */;
			productType = "com.apple.product-type.application";
		};
		B49D85751F0CDF0700725B76 /* BWEducationTests */ = {
			isa = PBXNativeTarget;
			buildConfigurationList = B49D858D1F0CDF0700725B76 /* Build configuration list for PBXNativeTarget "BWEducationTests" */;
			buildPhases = (
				B49D85721F0CDF0700725B76 /* Sources */,
				B49D85731F0CDF0700725B76 /* Frameworks */,
				B49D85741F0CDF0700725B76 /* Resources */,
			);
			buildRules = (
			);
			dependencies = (
				B49D85781F0CDF0700725B76 /* PBXTargetDependency */,
			);
			name = BWEducationTests;
			productName = BWEducationTests;
			productReference = B49D85761F0CDF0700725B76 /* BWEducationTests.xctest */;
			productType = "com.apple.product-type.bundle.unit-test";
		};
		B49D85801F0CDF0700725B76 /* BWEducationUITests */ = {
			isa = PBXNativeTarget;
			buildConfigurationList = B49D85901F0CDF0700725B76 /* Build configuration list for PBXNativeTarget "BWEducationUITests" */;
			buildPhases = (
				B49D857D1F0CDF0700725B76 /* Sources */,
				B49D857E1F0CDF0700725B76 /* Frameworks */,
				B49D857F1F0CDF0700725B76 /* Resources */,
			);
			buildRules = (
			);
			dependencies = (
				B49D85831F0CDF0700725B76 /* PBXTargetDependency */,
			);
			name = BWEducationUITests;
			productName = BWEducationUITests;
			productReference = B49D85811F0CDF0700725B76 /* BWEducationUITests.xctest */;
			productType = "com.apple.product-type.bundle.ui-testing";
		};
/* End PBXNativeTarget section */

/* Begin PBXProject section */
		B49D85551F0CDF0700725B76 /* Project object */ = {
			isa = PBXProject;
			attributes = {
				LastUpgradeCheck = 0820;
				ORGANIZATIONNAME = BobWongStudio;
				TargetAttributes = {
					B49D855C1F0CDF0700725B76 = {
						CreatedOnToolsVersion = 8.2.1;
						DevelopmentTeam = V3E8GUFW32;
						ProvisioningStyle = Automatic;
					};
					B49D85751F0CDF0700725B76 = {
						CreatedOnToolsVersion = 8.2.1;
						DevelopmentTeam = V3E8GUFW32;
						ProvisioningStyle = Automatic;
						TestTargetID = B49D855C1F0CDF0700725B76;
					};
					B49D85801F0CDF0700725B76 = {
						CreatedOnToolsVersion = 8.2.1;
						DevelopmentTeam = V3E8GUFW32;
						ProvisioningStyle = Automatic;
						TestTargetID = B49D855C1F0CDF0700725B76;
					};
				};
			};
			buildConfigurationList = B49D85581F0CDF0700725B76 /* Build configuration list for PBXProject "BWEducation" */;
			compatibilityVersion = "Xcode 3.2";
			developmentRegion = English;
			hasScannedForEncodings = 0;
			knownRegions = (
				en,
				Base,
			);
			mainGroup = B49D85541F0CDF0700725B76;
			productRefGroup = B49D855E1F0CDF0700725B76 /* Products */;
			projectDirPath = "";
			projectRoot = "";
			targets = (
				B49D855C1F0CDF0700725B76 /* BWEducation */,
				B49D85751F0CDF0700725B76 /* BWEducationTests */,
				B49D85801F0CDF0700725B76 /* BWEducationUITests */,
			);
		};
/* End PBXProject section */

/* Begin PBXResourcesBuildPhase section */
		B49D855B1F0CDF0700725B76 /* Resources */ = {
			isa = PBXResourcesBuildPhase;
			buildActionMask = 2147483647;
			files = (
				B49D860A1F0CDF7D00725B76 /* Image in Resources */,
				B49D85701F0CDF0700725B76 /* LaunchScreen.storyboard in Resources */,
				B49D856D1F0CDF0700725B76 /* Assets.xcassets in Resources */,
				B49D86061F0CDF7D00725B76 /* Document in Resources */,
				B49D86081F0CDF7D00725B76 /* Library in Resources */,
			);
			runOnlyForDeploymentPostprocessing = 0;
		};
		B49D85741F0CDF0700725B76 /* Resources */ = {
			isa = PBXResourcesBuildPhase;
			buildActionMask = 2147483647;
			files = (
			);
			runOnlyForDeploymentPostprocessing = 0;
		};
		B49D857F1F0CDF0700725B76 /* Resources */ = {
			isa = PBXResourcesBuildPhase;
			buildActionMask = 2147483647;
			files = (
			);
			runOnlyForDeploymentPostprocessing = 0;
		};
/* End PBXResourcesBuildPhase section */

/* Begin PBXSourcesBuildPhase section */
		B49D85591F0CDF0700725B76 /* Sources */ = {
			isa = PBXSourcesBuildPhase;
			buildActionMask = 2147483647;
			files = (
				B49D86051F0CDF7D00725B76 /* BWCustomView.m in Sources */,
				B49D86071F0CDF7D00725B76 /* BWGlobal.m in Sources */,
				B49D85FE1F0CDF7D00725B76 /* BWHomeViewController.m in Sources */,
				B49D86001F0CDF7D00725B76 /* BWMeViewController.m in Sources */,
				B49D85FC1F0CDF7D00725B76 /* BWBaseViewController.m in Sources */,
				B49D86021F0CDF7D00725B76 /* BWString.m in Sources */,
				B49D86031F0CDF7D00725B76 /* BWHudUtil.m in Sources */,
				B49D86091F0CDF7D00725B76 /* BWNetworkKit.m in Sources */,
				B49D86011F0CDF7D00725B76 /* NSString+BWExtension.m in Sources */,
				B49D85FF1F0CDF7D00725B76 /* BWMainTabBarController.m in Sources */,
				B49D85FD1F0CDF7D00725B76 /* BWCategoryViewController.m in Sources */,
				B49D85651F0CDF0700725B76 /* AppDelegate.m in Sources */,
				B49D85621F0CDF0700725B76 /* main.m in Sources */,
				B49D86041F0CDF7D00725B76 /* BWUtility.m in Sources */,
			);
			runOnlyForDeploymentPostprocessing = 0;
		};
		B49D85721F0CDF0700725B76 /* Sources */ = {
			isa = PBXSourcesBuildPhase;
			buildActionMask = 2147483647;
			files = (
				B49D857B1F0CDF0700725B76 /* BWEducationTests.m in Sources */,
			);
			runOnlyForDeploymentPostprocessing = 0;
		};
		B49D857D1F0CDF0700725B76 /* Sources */ = {
			isa = PBXSourcesBuildPhase;
			buildActionMask = 2147483647;
			files = (
				B49D85861F0CDF0700725B76 /* BWEducationUITests.m in Sources */,
			);
			runOnlyForDeploymentPostprocessing = 0;
		};
/* End PBXSourcesBuildPhase section */

/* Begin PBXTargetDependency section */
		B49D85781F0CDF0700725B76 /* PBXTargetDependency */ = {
			isa = PBXTargetDependency;
			target = B49D855C1F0CDF0700725B76 /* BWEducation */;
			targetProxy = B49D85771F0CDF0700725B76 /* PBXContainerItemProxy */;
		};
		B49D85831F0CDF0700725B76 /* PBXTargetDependency */ = {
			isa = PBXTargetDependency;
			target = B49D855C1F0CDF0700725B76 /* BWEducation */;
			targetProxy = B49D85821F0CDF0700725B76 /* PBXContainerItemProxy */;
		};
/* End PBXTargetDependency section */

/* Begin PBXVariantGroup section */
		B49D856E1F0CDF0700725B76 /* LaunchScreen.storyboard */ = {
			isa = PBXVariantGroup;
			children = (
				B49D856F1F0CDF0700725B76 /* Base */,
			);
			name = LaunchScreen.storyboard;
			sourceTree = "<group>";
		};
/* End PBXVariantGroup section */

/* Begin XCBuildConfiguration section */
		B49D85881F0CDF0700725B76 /* Debug */ = {
			isa = XCBuildConfiguration;
			buildSettings = {
				ALWAYS_SEARCH_USER_PATHS = NO;
				CLANG_ANALYZER_NONNULL = YES;
				CLANG_CXX_LANGUAGE_STANDARD = "gnu++0x";
				CLANG_CXX_LIBRARY = "libc++";
				CLANG_ENABLE_MODULES = YES;
				CLANG_ENABLE_OBJC_ARC = YES;
				CLANG_WARN_BOOL_CONVERSION = YES;
				CLANG_WARN_CONSTANT_CONVERSION = YES;
				CLANG_WARN_DIRECT_OBJC_ISA_USAGE = YES_ERROR;
				CLANG_WARN_DOCUMENTATION_COMMENTS = YES;
				CLANG_WARN_EMPTY_BODY = YES;
				CLANG_WARN_ENUM_CONVERSION = YES;
				CLANG_WARN_INFINITE_RECURSION = YES;
				CLANG_WARN_INT_CONVERSION = YES;
				CLANG_WARN_OBJC_ROOT_CLASS = YES_ERROR;
				CLANG_WARN_SUSPICIOUS_MOVE = YES;
				CLANG_WARN_UNREACHABLE_CODE = YES;
				CLANG_WARN__DUPLICATE_METHOD_MATCH = YES;
				"CODE_SIGN_IDENTITY[sdk=iphoneos*]" = "iPhone Developer";
				COPY_PHASE_STRIP = NO;
				DEBUG_INFORMATION_FORMAT = dwarf;
				ENABLE_STRICT_OBJC_MSGSEND = YES;
				ENABLE_TESTABILITY = YES;
				GCC_C_LANGUAGE_STANDARD = gnu99;
				GCC_DYNAMIC_NO_PIC = NO;
				GCC_NO_COMMON_BLOCKS = YES;
				GCC_OPTIMIZATION_LEVEL = 0;
				GCC_PREPROCESSOR_DEFINITIONS = (
					"DEBUG=1",
					"$(inherited)",
				);
				GCC_WARN_64_TO_32_BIT_CONVERSION = YES;
				GCC_WARN_ABOUT_RETURN_TYPE = YES_ERROR;
				GCC_WARN_UNDECLARED_SELECTOR = YES;
				GCC_WARN_UNINITIALIZED_AUTOS = YES_AGGRESSIVE;
				GCC_WARN_UNUSED_FUNCTION = YES;
				GCC_WARN_UNUSED_VARIABLE = YES;
				IPHONEOS_DEPLOYMENT_TARGET = 10.2;
				MTL_ENABLE_DEBUG_INFO = YES;
				ONLY_ACTIVE_ARCH = YES;
				SDKROOT = iphoneos;
			};
			name = Debug;
		};
		B49D85891F0CDF0700725B76 /* Release */ = {
			isa = XCBuildConfiguration;
			buildSettings = {
				ALWAYS_SEARCH_USER_PATHS = NO;
				CLANG_ANALYZER_NONNULL = YES;
				CLANG_CXX_LANGUAGE_STANDARD = "gnu++0x";
				CLANG_CXX_LIBRARY = "libc++";
				CLANG_ENABLE_MODULES = YES;
				CLANG_ENABLE_OBJC_ARC = YES;
				CLANG_WARN_BOOL_CONVERSION = YES;
				CLANG_WARN_CONSTANT_CONVERSION = YES;
				CLANG_WARN_DIRECT_OBJC_ISA_USAGE = YES_ERROR;
				CLANG_WARN_DOCUMENTATION_COMMENTS = YES;
				CLANG_WARN_EMPTY_BODY = YES;
				CLANG_WARN_ENUM_CONVERSION = YES;
				CLANG_WARN_INFINITE_RECURSION = YES;
				CLANG_WARN_INT_CONVERSION = YES;
				CLANG_WARN_OBJC_ROOT_CLASS = YES_ERROR;
				CLANG_WARN_SUSPICIOUS_MOVE = YES;
				CLANG_WARN_UNREACHABLE_CODE = YES;
				CLANG_WARN__DUPLICATE_METHOD_MATCH = YES;
				"CODE_SIGN_IDENTITY[sdk=iphoneos*]" = "iPhone Developer";
				COPY_PHASE_STRIP = NO;
				DEBUG_INFORMATION_FORMAT = "dwarf-with-dsym";
				ENABLE_NS_ASSERTIONS = NO;
				ENABLE_STRICT_OBJC_MSGSEND = YES;
				GCC_C_LANGUAGE_STANDARD = gnu99;
				GCC_NO_COMMON_BLOCKS = YES;
				GCC_WARN_64_TO_32_BIT_CONVERSION = YES;
				GCC_WARN_ABOUT_RETURN_TYPE = YES_ERROR;
				GCC_WARN_UNDECLARED_SELECTOR = YES;
				GCC_WARN_UNINITIALIZED_AUTOS = YES_AGGRESSIVE;
				GCC_WARN_UNUSED_FUNCTION = YES;
				GCC_WARN_UNUSED_VARIABLE = YES;
				IPHONEOS_DEPLOYMENT_TARGET = 10.2;
				MTL_ENABLE_DEBUG_INFO = NO;
				SDKROOT = iphoneos;
				VALIDATE_PRODUCT = YES;
			};
			name = Release;
		};
		B49D858B1F0CDF0700725B76 /* Debug */ = {
			isa = XCBuildConfiguration;
			buildSettings = {
				ASSETCATALOG_COMPILER_APPICON_NAME = AppIcon;
				DEVELOPMENT_TEAM = V3E8GUFW32;
				GCC_PREFIX_HEADER = BWEducation/BWEducation.pch;
				INFOPLIST_FILE = BWEducation/Info.plist;
				IPHONEOS_DEPLOYMENT_TARGET = 8.0;
				LD_RUNPATH_SEARCH_PATHS = "$(inherited) @executable_path/Frameworks";
				PRODUCT_BUNDLE_IDENTIFIER = com.bws.BWEducation;
				PRODUCT_NAME = "$(TARGET_NAME)";
			};
			name = Debug;
		};
		B49D858C1F0CDF0700725B76 /* Release */ = {
			isa = XCBuildConfiguration;
			buildSettings = {
				ASSETCATALOG_COMPILER_APPICON_NAME = AppIcon;
				DEVELOPMENT_TEAM = V3E8GUFW32;
				GCC_PREFIX_HEADER = BWEducation/BWEducation.pch;
				INFOPLIST_FILE = BWEducation/Info.plist;
				IPHONEOS_DEPLOYMENT_TARGET = 8.0;
				LD_RUNPATH_SEARCH_PATHS = "$(inherited) @executable_path/Frameworks";
				PRODUCT_BUNDLE_IDENTIFIER = com.bws.BWEducation;
				PRODUCT_NAME = "$(TARGET_NAME)";
			};
			name = Release;
		};
		B49D858E1F0CDF0700725B76 /* Debug */ = {
			isa = XCBuildConfiguration;
			buildSettings = {
				BUNDLE_LOADER = "$(TEST_HOST)";
				DEVELOPMENT_TEAM = V3E8GUFW32;
				INFOPLIST_FILE = BWEducationTests/Info.plist;
				LD_RUNPATH_SEARCH_PATHS = "$(inherited) @executable_path/Frameworks @loader_path/Frameworks";
				PRODUCT_BUNDLE_IDENTIFIER = com.bws.BWEducationTests;
				PRODUCT_NAME = "$(TARGET_NAME)";
				TEST_HOST = "$(BUILT_PRODUCTS_DIR)/BWEducation.app/BWEducation";
			};
			name = Debug;
		};
		B49D858F1F0CDF0700725B76 /* Release */ = {
			isa = XCBuildConfiguration;
			buildSettings = {
				BUNDLE_LOADER = "$(TEST_HOST)";
				DEVELOPMENT_TEAM = V3E8GUFW32;
				INFOPLIST_FILE = BWEducationTests/Info.plist;
				LD_RUNPATH_SEARCH_PATHS = "$(inherited) @executable_path/Frameworks @loader_path/Frameworks";
				PRODUCT_BUNDLE_IDENTIFIER = com.bws.BWEducationTests;
				PRODUCT_NAME = "$(TARGET_NAME)";
				TEST_HOST = "$(BUILT_PRODUCTS_DIR)/BWEducation.app/BWEducation";
			};
			name = Release;
		};
		B49D85911F0CDF0700725B76 /* Debug */ = {
			isa = XCBuildConfiguration;
			buildSettings = {
				DEVELOPMENT_TEAM = V3E8GUFW32;
				INFOPLIST_FILE = BWEducationUITests/Info.plist;
				LD_RUNPATH_SEARCH_PATHS = "$(inherited) @executable_path/Frameworks @loader_path/Frameworks";
				PRODUCT_BUNDLE_IDENTIFIER = com.bws.BWEducationUITests;
				PRODUCT_NAME = "$(TARGET_NAME)";
				TEST_TARGET_NAME = BWEducation;
			};
			name = Debug;
		};
		B49D85921F0CDF0700725B76 /* Release */ = {
			isa = XCBuildConfiguration;
			buildSettings = {
				DEVELOPMENT_TEAM = V3E8GUFW32;
				INFOPLIST_FILE = BWEducationUITests/Info.plist;
				LD_RUNPATH_SEARCH_PATHS = "$(inherited) @executable_path/Frameworks @loader_path/Frameworks";
				PRODUCT_BUNDLE_IDENTIFIER = com.bws.BWEducationUITests;
				PRODUCT_NAME = "$(TARGET_NAME)";
				TEST_TARGET_NAME = BWEducation;
			};
			name = Release;
		};
/* End XCBuildConfiguration section */

/* Begin XCConfigurationList section */
		B49D85581F0CDF0700725B76 /* Build configuration list for PBXProject "BWEducation" */ = {
			isa = XCConfigurationList;
			buildConfigurations = (
				B49D85881F0CDF0700725B76 /* Debug */,
				B49D85891F0CDF0700725B76 /* Release */,
			);
			defaultConfigurationIsVisible = 0;
			defaultConfigurationName = Release;
		};
		B49D858A1F0CDF0700725B76 /* Build configuration list for PBXNativeTarget "BWEducation" */ = {
			isa = XCConfigurationList;
			buildConfigurations = (
				B49D858B1F0CDF0700725B76 /* Debug */,
				B49D858C1F0CDF0700725B76 /* Release */,
			);
			defaultConfigurationIsVisible = 0;
		};
		B49D858D1F0CDF0700725B76 /* Build configuration list for PBXNativeTarget "BWEducationTests" */ = {
			isa = XCConfigurationList;
			buildConfigurations = (
				B49D858E1F0CDF0700725B76 /* Debug */,
				B49D858F1F0CDF0700725B76 /* Release */,
			);
			defaultConfigurationIsVisible = 0;
		};
		B49D85901F0CDF0700725B76 /* Build configuration list for PBXNativeTarget "BWEducationUITests" */ = {
			isa = XCConfigurationList;
			buildConfigurations = (
				B49D85911F0CDF0700725B76 /* Debug */,
				B49D85921F0CDF0700725B76 /* Release */,
			);
			defaultConfigurationIsVisible = 0;
		};
/* End XCConfigurationList section */
	};
	rootObject = B49D85551F0CDF0700725B76 /* Project object */;
}
